
Microsoft Visual Studio Solution File, Format Version 12.00
# Visual Studio Version 17
VisualStudioVersion = 17.3.32929.385
MinimumVisualStudioVersion = 10.0.40219.1
Project("{FAE04EC0-301F-11D3-BF4B-00C04F79EFBC}") = "Visor Multimedia", "Visor Multimedia\Visor Multimedia.csproj", "{944D7F08-09ED-41C4-B27C-FB58C373AF11}"
EndProject
Global
	GlobalSection(SolutionConfigurationPlatforms) = preSolution
		Debug|Any CPU = Debug|Any CPU
		Release|Any CPU = Release|Any CPU
	EndGlobalSection
	GlobalSection(ProjectConfigurationPlatforms) = postSolution
		{944D7F08-09ED-41C4-B27C-FB58C373AF11}.Debug|Any CPU.ActiveCfg = Debug|Any CPU
		{944D7F08-09ED-41C4-B27C-FB58C373AF11}.Debug|Any CPU.Build.0 = Debug|Any CPU
		{944D7F08-09ED-41C4-B27C-FB58C373AF11}.Release|Any CPU.ActiveCfg = Release|Any CPU
		{944D7F08-09ED-41C4-B27C-FB58C373AF11}.Release|Any CPU.Build.0 = Release|Any CPU
	EndGlobalSection
	GlobalSection(SolutionProperties) = preSolution
		HideSolutionNode = FALSE
	EndGlobalSection
	GlobalSection(ExtensibilityGlobals) = postSolution
		SolutionGuid = {1AF335FD-422D-4E39-9FE1-A275C48F6451}
	EndGlobalSection
EndGlobal
